<?xml version="1.0" encoding="utf-8"?>
<Project ToolsVersion="4.0" xmlns="http://schemas.microsoft.com/developer/msbuild/2003">
  <ItemGroup>
    <Filter Include="Fmod">
      <UniqueIdentifier>{f8e3df5f-250f-49c0-99b7-31b6fb6d08b3}</UniqueIdentifier>
    </Filter>
    <Filter Include="BandiVideo">
      <UniqueIdentifier>{826ee267-37db-4a02-bdd3-185f6deb304b}</UniqueIdentifier>
    </Filter>
    <Filter Include="TinyXML">
      <UniqueIdentifier>{0be61913-ac69-4c08-af03-688490ad4e53}</UniqueIdentifier>
    </Filter>
    <Filter Include="RhythmMatch">
      <UniqueIdentifier>{8e631f44-cf75-4cc7-bb38-f1b7d91c680c}</UniqueIdentifier>
    </Filter>
    <Filter Include="RhythmMatch\Image">
      <UniqueIdentifier>{11b11b70-b1e6-4d92-b7f7-b08f38df12f7}</UniqueIdentifier>
    </Filter>
    <Filter Include="RhythmMatch\Object">
      <UniqueIdentifier>{d3fef83a-0508-47fa-97c5-2bf4dab6f003}</UniqueIdentifier>
    </Filter>
    <Filter Include="RhythmMatch\Object\Player">
      <UniqueIdentifier>{bc2568e7-a1f7-4223-bde5-9b0e3250d20e}</UniqueIdentifier>
    </Filter>
    <Filter Include="RhythmMatch\Object\Children">
      <UniqueIdentifier>{8b730597-5f74-4c14-8f8f-f3e515bbdbec}</UniqueIdentifier>
    </Filter>
    <Filter Include="RhythmMatch\Render">
      <UniqueIdentifier>{0fca6d96-10cd-491f-a243-d413eaa7ea34}</UniqueIdentifier>
    </Filter>
    <Filter Include="RhythmMatch\Label">
      <UniqueIdentifier>{3b20cd77-6466-4fb9-a808-41fcb9960381}</UniqueIdentifier>
    </Filter>
    <Filter Include="RhythmMatch\Input">
      <UniqueIdentifier>{b6c7dfec-dbbc-497e-84c6-cbe7308999e8}</UniqueIdentifier>
    </Filter>
    <Filter Include="RhythmMatch\Sound Manager">
      <UniqueIdentifier>{77e4b450-8f8b-423c-9433-828cd16c10a2}</UniqueIdentifier>
    </Filter>
    <Filter Include="RhythmMatch\MainLoop">
      <UniqueIdentifier>{993ff98d-b92c-4d0d-8057-34b480c10f36}</UniqueIdentifier>
    </Filter>
    <Filter Include="RhythmMatch\Music">
      <UniqueIdentifier>{e5c13685-949f-4d13-83f0-0e3e2963d4c6}</UniqueIdentifier>
    </Filter>
    <Filter Include="RhythmMatch\Object\Item">
      <UniqueIdentifier>{640ed6fd-0b02-4daf-88c7-e177ad867f6e}</UniqueIdentifier>
    </Filter>
    <Filter Include="Resources">
      <UniqueIdentifier>{67DA6AB6-F800-4c08-8B7A-83BB121AAD01}</UniqueIdentifier>
      <Extensions>rc;ico;cur;bmp;dlg;rc2;rct;bin;rgs;gif;jpg;jpeg;jpe;resx;tiff;tif;png;wav;mfcribbon-ms</Extensions>
    </Filter>
    <Filter Include="MainArea">
      <UniqueIdentifier>{fd999f43-4ae7-419e-98a0-7739ac0923a9}</UniqueIdentifier>
    </Filter>
    <Filter Include="MainArea\Header">
      <UniqueIdentifier>{8871a94d-9fea-45ef-b291-6d24f9ed11e0}</UniqueIdentifier>
    </Filter>
  </ItemGroup>
  <ItemGroup>
    <Text Include="ReadMe.txt" />
  </ItemGroup>
  <ItemGroup>
    <ClInclude Include="stdafx.h">
      <Filter>MainArea</Filter>
    </ClInclude>
    <ClInclude Include="RMmainLoop.h">
      <Filter>RhythmMatch\MainLoop</Filter>
    </ClInclude>
    <ClInclude Include="RMlabel.h">
      <Filter>RhythmMatch\Label</Filter>
    </ClInclude>
    <ClInclude Include="RMinput.h">
      <Filter>RhythmMatch\Input</Filter>
    </ClInclude>
    <ClInclude Include="RMrender.h">
      <Filter>RhythmMatch\Render</Filter>
    </ClInclude>
    <ClInclude Include="RMobject.h">
      <Filter>RhythmMatch\Object</Filter>
    </ClInclude>
    <ClInclude Include="RMimage.h">
      <Filter>RhythmMatch\Image</Filter>
    </ClInclude>
    <ClInclude Include="Resource.h">
      <Filter>MainArea\Header</Filter>
    </ClInclude>
    <ClInclude Include="RMdefine.h">
      <Filter>MainArea\Header</Filter>
    </ClInclude>
    <ClInclude Include="RMmacro.h">
      <Filter>MainArea\Header</Filter>
    </ClInclude>
    <ClInclude Include="targetver.h">
      <Filter>MainArea\Header</Filter>
    </ClInclude>
    <ClInclude Include="RMchildNote.h">
      <Filter>RhythmMatch\Object\Children</Filter>
    </ClInclude>
    <ClInclude Include="RMchildBGImage.h">
      <Filter>RhythmMatch\Object\Children</Filter>
    </ClInclude>
    <ClInclude Include="RMchildShutter.h">
      <Filter>RhythmMatch\Object\Children</Filter>
    </ClInclude>
    <ClInclude Include="RMkeyMapping.h">
      <Filter>RhythmMatch\Input</Filter>
    </ClInclude>
    <ClInclude Include="RMresourceManager.h">
      <Filter>RhythmMatch\Image</Filter>
    </ClInclude>
    <ClInclude Include="RMenumSet.h">
      <Filter>RhythmMatch</Filter>
    </ClInclude>
    <ClInclude Include="RMobjectManager.h">
      <Filter>RhythmMatch\Object</Filter>
    </ClInclude>
    <ClInclude Include="RMplayer.h">
      <Filter>RhythmMatch\Object\Player</Filter>
    </ClInclude>
    <ClInclude Include="RMchildEffectImage.h">
      <Filter>RhythmMatch\Object\Children</Filter>
    </ClInclude>
    <ClInclude Include="RMjudgeManager.h">
      <Filter>RhythmMatch\Object</Filter>
    </ClInclude>
    <ClInclude Include="RMplayer1P.h">
      <Filter>RhythmMatch\Object\Player</Filter>
    </ClInclude>
    <ClInclude Include="RMplayer2P.h">
      <Filter>RhythmMatch\Object\Player</Filter>
    </ClInclude>
    <ClInclude Include="RMlabelManager.h">
      <Filter>RhythmMatch\Label</Filter>
    </ClInclude>
    <ClInclude Include="LibraryFmod\fmod.h">
      <Filter>Fmod</Filter>
    </ClInclude>
    <ClInclude Include="LibraryFmod\fmod.hpp">
      <Filter>Fmod</Filter>
    </ClInclude>
    <ClInclude Include="LibraryFmod\fmod_codec.h">
      <Filter>Fmod</Filter>
    </ClInclude>
    <ClInclude Include="LibraryFmod\fmod_dsp.h">
      <Filter>Fmod</Filter>
    </ClInclude>
    <ClInclude Include="LibraryFmod\fmod_errors.h">
      <Filter>Fmod</Filter>
    </ClInclude>
    <ClInclude Include="LibraryFmod\fmod_memoryinfo.h">
      <Filter>Fmod</Filter>
    </ClInclude>
    <ClInclude Include="LibraryFmod\fmod_output.h">
      <Filter>Fmod</Filter>
    </ClInclude>
    <ClInclude Include="LibraryBandi\BandiVid.h">
      <Filter>BandiVideo</Filter>
    </ClInclude>
    <ClInclude Include="LibraryBandi\BandiVideoLibrary.h">
      <Filter>BandiVideo</Filter>
    </ClInclude>
    <ClInclude Include="LibraryBandi\BandiVideoTexture.h">
      <Filter>BandiVideo</Filter>
    </ClInclude>
    <ClInclude Include="LibraryBandi\BandiVideoTexture_DX9.h">
      <Filter>BandiVideo</Filter>
    </ClInclude>
    <ClInclude Include="RMsound.h">
      <Filter>RhythmMatch\Sound Manager</Filter>
    </ClInclude>
    <ClInclude Include="RMvideoPlayer.h">
      <Filter>RhythmMatch\MainLoop</Filter>
    </ClInclude>
    <ClInclude Include="RMprintConsole.h">
      <Filter>MainArea</Filter>
    </ClInclude>
    <ClInclude Include="LibraryTinyXML\tinystr.h">
      <Filter>TinyXML</Filter>
    </ClInclude>
    <ClInclude Include="LibraryTinyXML\tinyxml.h">
      <Filter>TinyXML</Filter>
    </ClInclude>
    <ClInclude Include="RMxmlLoader.h">
      <Filter>RhythmMatch\Input</Filter>
    </ClInclude>
    <ClInclude Include="LibraryTinyXML\action_store.h">
      <Filter>TinyXML</Filter>
    </ClInclude>
    <ClInclude Include="LibraryTinyXML\byte_stream.h">
      <Filter>TinyXML</Filter>
    </ClInclude>
    <ClInclude Include="LibraryTinyXML\htmlutil.h">
      <Filter>TinyXML</Filter>
    </ClInclude>
    <ClInclude Include="LibraryTinyXML\lex_token.h">
      <Filter>TinyXML</Filter>
    </ClInclude>
    <ClInclude Include="LibraryTinyXML\lex_util.h">
      <Filter>TinyXML</Filter>
    </ClInclude>
    <ClInclude Include="LibraryTinyXML\node_set.h">
      <Filter>TinyXML</Filter>
    </ClInclude>
    <ClInclude Include="LibraryTinyXML\tinyxpath_conf.h">
      <Filter>TinyXML</Filter>
    </ClInclude>
    <ClInclude Include="LibraryTinyXML\tokenlist.h">
      <Filter>TinyXML</Filter>
    </ClInclude>
    <ClInclude Include="LibraryTinyXML\xml_util.h">
      <Filter>TinyXML</Filter>
    </ClInclude>
    <ClInclude Include="LibraryTinyXML\xpath_expression.h">
      <Filter>TinyXML</Filter>
    </ClInclude>
    <ClInclude Include="LibraryTinyXML\xpath_processor.h">
      <Filter>TinyXML</Filter>
    </ClInclude>
    <ClInclude Include="LibraryTinyXML\xpath_stack.h">
      <Filter>TinyXML</Filter>
    </ClInclude>
    <ClInclude Include="LibraryTinyXML\xpath_static.h">
      <Filter>TinyXML</Filter>
    </ClInclude>
    <ClInclude Include="LibraryTinyXML\xpath_stream.h">
      <Filter>TinyXML</Filter>
    </ClInclude>
    <ClInclude Include="LibraryTinyXML\xpath_syntax.h">
      <Filter>TinyXML</Filter>
    </ClInclude>
    <ClInclude Include="RMnoteData.h">
      <Filter>RhythmMatch\Music</Filter>
    </ClInclude>
    <ClInclude Include="RMnoteManager.h">
      <Filter>RhythmMatch\Music</Filter>
    </ClInclude>
    <ClInclude Include="RMmusicData.h">
      <Filter>RhythmMatch\Music</Filter>
    </ClInclude>
    <ClInclude Include="RMmusicSelectManager.h">
      <Filter>RhythmMatch\Music</Filter>
    </ClInclude>
    <ClInclude Include="RMresultManager.h">
      <Filter>RhythmMatch\MainLoop</Filter>
    </ClInclude>
    <ClInclude Include="RMitemManager.h">
      <Filter>RhythmMatch\Object</Filter>
    </ClInclude>
    <ClInclude Include="RMitem.h">
      <Filter>RhythmMatch\Object\Item</Filter>
    </ClInclude>
    <ClInclude Include="RMchildGauge.h">
      <Filter>RhythmMatch\Object\Children</Filter>
    </ClInclude>
    <ClInclude Include="RMchildJudgeRing.h">
      <Filter>RhythmMatch\Object\Children</Filter>
    </ClInclude>
    <ClInclude Include="RMchildPauseImage.h">
      <Filter>RhythmMatch\Object\Children</Filter>
    </ClInclude>
    <ClInclude Include="RMpauseManager.h">
      <Filter>RhythmMatch\MainLoop</Filter>
    </ClInclude>
    <ClInclude Include="RMchildItemDisplay.h">
      <Filter>RhythmMatch\Object\Children</Filter>
    </ClInclude>
    <ClInclude Include="RMitemT3Reverse.h">
      <Filter>RhythmMatch\Object\Item</Filter>
    </ClInclude>
    <ClInclude Include="RMitemT1Duplicate.h">
      <Filter>RhythmMatch\Object\Item</Filter>
    </ClInclude>
    <ClInclude Include="RMitemT1Mist.h">
      <Filter>RhythmMatch\Object\Item</Filter>
    </ClInclude>
    <ClInclude Include="RMitemT2Barrier.h">
      <Filter>RhythmMatch\Object\Item</Filter>
    </ClInclude>
    <ClInclude Include="RMitemT2Delay.h">
      <Filter>RhythmMatch\Object\Item</Filter>
    </ClInclude>
    <ClInclude Include="RMitemT2GaugeClear.h">
      <Filter>RhythmMatch\Object\Item</Filter>
    </ClInclude>
    <ClInclude Include="RMitemT2Rotate.h">
      <Filter>RhythmMatch\Object\Item</Filter>
    </ClInclude>
    <ClInclude Include="RMitemT3Recovery.h">
      <Filter>RhythmMatch\Object\Item</Filter>
    </ClInclude>
    <ClInclude Include="RMwellRandom.h">
      <Filter>RhythmMatch\MainLoop</Filter>
    </ClInclude>
    <ClInclude Include="RMdummyRender.h">
      <Filter>RhythmMatch\MainLoop</Filter>
    </ClInclude>
    <ClInclude Include="RMchildItemCardDisplay.h">
      <Filter>RhythmMatch\Object\Children</Filter>
    </ClInclude>
    <ClInclude Include="RMeffectManager.h">
      <Filter>RhythmMatch\Object</Filter>
    </ClInclude>
    <ClInclude Include="RMconst.h">
      <Filter>MainArea\Header</Filter>
    </ClInclude>
    <ClInclude Include="RMitemT1ScoreUp.h">
      <Filter>RhythmMatch\Object\Item</Filter>
    </ClInclude>
  </ItemGroup>
  <ItemGroup>
    <ClCompile Include="oldboy.cpp">
      <Filter>MainArea</Filter>
    </ClCompile>
    <ClCompile Include="stdafx.cpp">
      <Filter>MainArea</Filter>
    </ClCompile>
    <ClCompile Include="RMmainLoop.cpp">
      <Filter>RhythmMatch\MainLoop</Filter>
    </ClCompile>
    <ClCompile Include="RMlabel.cpp">
      <Filter>RhythmMatch\Label</Filter>
    </ClCompile>
    <ClCompile Include="RMinput.cpp">
      <Filter>RhythmMatch\Input</Filter>
    </ClCompile>
    <ClCompile Include="RMrender.cpp">
      <Filter>RhythmMatch\Render</Filter>
    </ClCompile>
    <ClCompile Include="RMobject.cpp">
      <Filter>RhythmMatch\Object</Filter>
    </ClCompile>
    <ClCompile Include="RMsound.cpp">
      <Filter>RhythmMatch\Sound Manager</Filter>
    </ClCompile>
    <ClCompile Include="RMimage.cpp">
      <Filter>RhythmMatch\Image</Filter>
    </ClCompile>
    <ClCompile Include="RMchildNote.cpp">
      <Filter>RhythmMatch\Object\Children</Filter>
    </ClCompile>
    <ClCompile Include="RMchildBGImage.cpp">
      <Filter>RhythmMatch\Object\Children</Filter>
    </ClCompile>
    <ClCompile Include="RMchildShutter.cpp">
      <Filter>RhythmMatch\Object\Children</Filter>
    </ClCompile>
    <ClCompile Include="RMresourceManager.cpp">
      <Filter>RhythmMatch\Image</Filter>
    </ClCompile>
    <ClCompile Include="RMobjectManager.cpp">
      <Filter>RhythmMatch\Object</Filter>
    </ClCompile>
    <ClCompile Include="RMplayer.cpp">
      <Filter>RhythmMatch\Object\Player</Filter>
    </ClCompile>
    <ClCompile Include="RMchildEffectImage.cpp">
      <Filter>RhythmMatch\Object\Children</Filter>
    </ClCompile>
    <ClCompile Include="RMjudgeManager.cpp">
      <Filter>RhythmMatch\Object</Filter>
    </ClCompile>
    <ClCompile Include="RMplayer1P.cpp">
      <Filter>RhythmMatch\Object\Player</Filter>
    </ClCompile>
    <ClCompile Include="RMplayer2P.cpp">
      <Filter>RhythmMatch\Object\Player</Filter>
    </ClCompile>
    <ClCompile Include="RMlabelManager.cpp">
      <Filter>RhythmMatch\Label</Filter>
    </ClCompile>
    <ClCompile Include="LibraryBandi\BandiVideoLibrary.cpp">
      <Filter>BandiVideo</Filter>
    </ClCompile>
    <ClCompile Include="LibraryBandi\BandiVideoTexture_DX9.cpp">
      <Filter>BandiVideo</Filter>
    </ClCompile>
    <ClCompile Include="RMvideoPlayer.cpp">
      <Filter>RhythmMatch\MainLoop</Filter>
    </ClCompile>
    <ClCompile Include="RMprintConsole.cpp">
      <Filter>MainArea</Filter>
    </ClCompile>
    <ClCompile Include="LibraryTinyXML\tinystr.cpp">
      <Filter>TinyXML</Filter>
    </ClCompile>
    <ClCompile Include="LibraryTinyXML\tinyxml.cpp">
      <Filter>TinyXML</Filter>
    </ClCompile>
    <ClCompile Include="LibraryTinyXML\tinyxmlerror.cpp">
      <Filter>TinyXML</Filter>
    </ClCompile>
    <ClCompile Include="LibraryTinyXML\tinyxmlparser.cpp">
      <Filter>TinyXML</Filter>
    </ClCompile>
    <ClCompile Include="RMxmlLoader.cpp">
      <Filter>RhythmMatch\Input</Filter>
    </ClCompile>
    <ClCompile Include="LibraryTinyXML\action_store.cpp">
      <Filter>TinyXML</Filter>
    </ClCompile>
    <ClCompile Include="LibraryTinyXML\htmlutil.cpp">
      <Filter>TinyXML</Filter>
    </ClCompile>
    <ClCompile Include="LibraryTinyXML\lex_util.cpp">
      <Filter>TinyXML</Filter>
    </ClCompile>
    <ClCompile Include="LibraryTinyXML\node_set.cpp">
      <Filter>TinyXML</Filter>
    </ClCompile>
    <ClCompile Include="LibraryTinyXML\tokenlist.cpp">
      <Filter>TinyXML</Filter>
    </ClCompile>
    <ClCompile Include="LibraryTinyXML\xml_util.cpp">
      <Filter>TinyXML</Filter>
    </ClCompile>
    <ClCompile Include="LibraryTinyXML\xpath_expression.cpp">
      <Filter>TinyXML</Filter>
    </ClCompile>
    <ClCompile Include="LibraryTinyXML\xpath_processor.cpp">
      <Filter>TinyXML</Filter>
    </ClCompile>
    <ClCompile Include="LibraryTinyXML\xpath_stack.cpp">
      <Filter>TinyXML</Filter>
    </ClCompile>
    <ClCompile Include="LibraryTinyXML\xpath_static.cpp">
      <Filter>TinyXML</Filter>
    </ClCompile>
    <ClCompile Include="LibraryTinyXML\xpath_stream.cpp">
      <Filter>TinyXML</Filter>
    </ClCompile>
    <ClCompile Include="LibraryTinyXML\xpath_syntax.cpp">
      <Filter>TinyXML</Filter>
    </ClCompile>
    <ClCompile Include="RMnoteData.cpp">
      <Filter>RhythmMatch\Music</Filter>
    </ClCompile>
    <ClCompile Include="RMnoteManager.cpp">
      <Filter>RhythmMatch\Music</Filter>
    </ClCompile>
    <ClCompile Include="RMmusicData.cpp">
      <Filter>RhythmMatch\Music</Filter>
    </ClCompile>
    <ClCompile Include="RMmusicSelectManager.cpp">
      <Filter>RhythmMatch\Music</Filter>
    </ClCompile>
    <ClCompile Include="RMresultManager.cpp">
      <Filter>RhythmMatch\MainLoop</Filter>
    </ClCompile>
    <ClCompile Include="RMitemManager.cpp">
      <Filter>RhythmMatch\Object</Filter>
    </ClCompile>
    <ClCompile Include="RMitem.cpp">
      <Filter>RhythmMatch\Object\Item</Filter>
    </ClCompile>
    <ClCompile Include="RMchildGauge.cpp">
      <Filter>RhythmMatch\Object\Children</Filter>
    </ClCompile>
    <ClCompile Include="RMchildJudgeRing.cpp">
      <Filter>RhythmMatch\Object\Children</Filter>
    </ClCompile>
    <ClCompile Include="RMchildPauseImage.cpp">
      <Filter>RhythmMatch\Object\Children</Filter>
    </ClCompile>
    <ClCompile Include="RMpauseManager.cpp">
      <Filter>RhythmMatch\MainLoop</Filter>
    </ClCompile>
    <ClCompile Include="RMchildItemDisplay.cpp">
      <Filter>RhythmMatch\Object\Children</Filter>
    </ClCompile>
    <ClCompile Include="RMitemT1Duplicate.cpp">
      <Filter>RhythmMatch\Object\Item</Filter>
    </ClCompile>
    <ClCompile Include="RMitemT1Mist.cpp">
      <Filter>RhythmMatch\Object\Item</Filter>
    </ClCompile>
    <ClCompile Include="RMitemT2Barrier.cpp">
      <Filter>RhythmMatch\Object\Item</Filter>
    </ClCompile>
    <ClCompile Include="RMitemT2Delay.cpp">
      <Filter>RhythmMatch\Object\Item</Filter>
    </ClCompile>
    <ClCompile Include="RMitemT2GaugeClear.cpp">
      <Filter>RhythmMatch\Object\Item</Filter>
    </ClCompile>
    <ClCompile Include="RMitemT2Rotate.cpp">
      <Filter>RhythmMatch\Object\Item</Filter>
    </ClCompile>
    <ClCompile Include="RMitemT3Recovery.cpp">
      <Filter>RhythmMatch\Object\Item</Filter>
    </ClCompile>
    <ClCompile Include="RMitemT3Reverse.cpp">
      <Filter>RhythmMatch\Object\Item</Filter>
    </ClCompile>
    <ClCompile Include="RMwellRandom.cpp">
      <Filter>RhythmMatch\MainLoop</Filter>
    </ClCompile>
    <ClCompile Include="RMdummyRender.cpp">
      <Filter>RhythmMatch\MainLoop</Filter>
    </ClCompile>
    <ClCompile Include="RMchildItemCardDisplay.cpp">
      <Filter>RhythmMatch\Object\Children</Filter>
    </ClCompile>
    <ClCompile Include="RMeffectManager.cpp">
      <Filter>RhythmMatch\Object</Filter>
    </ClCompile>
    <ClCompile Include="RMconst.cpp">
      <Filter>MainArea\Header</Filter>
    </ClCompile>
    <ClCompile Include="RMitemT1ScoreUp.cpp">
      <Filter>RhythmMatch\Object\Item</Filter>
    </ClCompile>
  </ItemGroup>
  <ItemGroup>
    <ResourceCompile Include="oldboy.rc">
      <Filter>Resources</Filter>
    </ResourceCompile>
  </ItemGroup>
  <ItemGroup>
    <Image Include="small.ico">
      <Filter>Resources</Filter>
    </Image>
    <Image Include="oldboy.ico">
      <Filter>Resources</Filter>
    </Image>
  </ItemGroup>
</Project>